
Microsoft Visual Studio Solution File, Format Version 12.00
# Visual Studio Version 16
VisualStudioVersion = 16.0.29411.108
MinimumVisualStudioVersion = 15.0.26124.0
Project("{9A19103F-16F7-4668-BE54-9A1E7A4F7556}") = "TodoList", "TodoList\TodoList.csproj", "{05EE68E2-9E99-493F-8731-2F7A898368E3}"
EndProject
Project("{2150E333-8FDC-42A3-9474-1A3956D46DE8}") = "_Tests", "_Tests", "{9D0C3FC4-4359-4EB6-80C4-795607D34D59}"
EndProject
Project("{9A19103F-16F7-4668-BE54-9A1E7A4F7556}") = "TodoList.Tests", "_Tests\TodoList.Tests\TodoList.Tests.csproj", "{C488CD2F-93AB-47F4-A942-CB0B395CD939}"
EndProject
Global
	GlobalSection(SolutionConfigurationPlatforms) = preSolution
		Debug|Any CPU = Debug|Any CPU
		Debug|x64 = Debug|x64
		Debug|x86 = Debug|x86
		Release|Any CPU = Release|Any CPU
		Release|x64 = Release|x64
		Release|x86 = Release|x86
	EndGlobalSection
	GlobalSection(ProjectConfigurationPlatforms) = postSolution
		{05EE68E2-9E99-493F-8731-2F7A898368E3}.Debug|Any CPU.ActiveCfg = Debug|Any CPU
		{05EE68E2-9E99-493F-8731-2F7A898368E3}.Debug|Any CPU.Build.0 = Debug|Any CPU
		{05EE68E2-9E99-493F-8731-2F7A898368E3}.Debug|x64.ActiveCfg = Debug|Any CPU
		{05EE68E2-9E99-493F-8731-2F7A898368E3}.Debug|x64.Build.0 = Debug|Any CPU
		{05EE68E2-9E99-493F-8731-2F7A898368E3}.Debug|x86.ActiveCfg = Debug|Any CPU
		{05EE68E2-9E99-493F-8731-2F7A898368E3}.Debug|x86.Build.0 = Debug|Any CPU
		{05EE68E2-9E99-493F-8731-2F7A898368E3}.Release|Any CPU.ActiveCfg = Release|Any CPU
		{05EE68E2-9E99-493F-8731-2F7A898368E3}.Release|Any CPU.Build.0 = Release|Any CPU
		{05EE68E2-9E99-493F-8731-2F7A898368E3}.Release|x64.ActiveCfg = Release|Any CPU
		{05EE68E2-9E99-493F-8731-2F7A898368E3}.Release|x64.Build.0 = Release|Any CPU
		{05EE68E2-9E99-493F-8731-2F7A898368E3}.Release|x86.ActiveCfg = Release|Any CPU
		{05EE68E2-9E99-493F-8731-2F7A898368E3}.Release|x86.Build.0 = Release|Any CPU
		{C488CD2F-93AB-47F4-A942-CB0B395CD939}.Debug|Any CPU.ActiveCfg = Debug|Any CPU
		{C488CD2F-93AB-47F4-A942-CB0B395CD939}.Debug|Any CPU.Build.0 = Debug|Any CPU
		{C488CD2F-93AB-47F4-A942-CB0B395CD939}.Debug|x64.ActiveCfg = Debug|Any CPU
		{C488CD2F-93AB-47F4-A942-CB0B395CD939}.Debug|x64.Build.0 = Debug|Any CPU
		{C488CD2F-93AB-47F4-A942-CB0B395CD939}.Debug|x86.ActiveCfg = Debug|Any CPU
		{C488CD2F-93AB-47F4-A942-CB0B395CD939}.Debug|x86.Build.0 = Debug|Any CPU
		{C488CD2F-93AB-47F4-A942-CB0B395CD939}.Release|Any CPU.ActiveCfg = Release|Any CPU
		{C488CD2F-93AB-47F4-A942-CB0B395CD939}.Release|Any CPU.Build.0 = Release|Any CPU
		{C488CD2F-93AB-47F4-A942-CB0B395CD939}.Release|x64.ActiveCfg = Release|Any CPU
		{C488CD2F-93AB-47F4-A942-CB0B395CD939}.Release|x64.Build.0 = Release|Any CPU
		{C488CD2F-93AB-47F4-A942-CB0B395CD939}.Release|x86.ActiveCfg = Release|Any CPU
		{C488CD2F-93AB-47F4-A942-CB0B395CD939}.Release|x86.Build.0 = Release|Any CPU
	EndGlobalSection
	GlobalSection(SolutionProperties) = preSolution
		HideSolutionNode = FALSE
	EndGlobalSection
	GlobalSection(NestedProjects) = preSolution
		{C488CD2F-93AB-47F4-A942-CB0B395CD939} = {9D0C3FC4-4359-4EB6-80C4-795607D34D59}
	EndGlobalSection
	GlobalSection(ExtensibilityGlobals) = postSolution
		SolutionGuid = {257B8705-474B-45A9-81AF-95CEB3231EC1}
	EndGlobalSection
EndGlobal
